
Microsoft Visual Studio Solution File, Format Version 12.00
# Visual Studio Version 16
VisualStudioVersion = 16.0.810.21
MinimumVisualStudioVersion = 10.0.40219.1
Project("{FAE04EC0-301F-11D3-BF4B-00C04F79EFBC}") = "mac-form-app", "mac-form-app\mac-form-app.csproj", "{F954BAE1-EB5A-46C9-A861-E5A99118A055}"
EndProject
Global
	GlobalSection(SolutionConfigurationPlatforms) = preSolution
		Debug|Any CPU = Debug|Any CPU
		Release|Any CPU = Release|Any CPU
	EndGlobalSection
	GlobalSection(ProjectConfigurationPlatforms) = postSolution
		{F954BAE1-EB5A-46C9-A861-E5A99118A055}.Debug|Any CPU.ActiveCfg = Debug|Any CPU
		{F954BAE1-EB5A-46C9-A861-E5A99118A055}.Debug|Any CPU.Build.0 = Debug|Any CPU
		{F954BAE1-EB5A-46C9-A861-E5A99118A055}.Release|Any CPU.ActiveCfg = Release|Any CPU
		{F954BAE1-EB5A-46C9-A861-E5A99118A055}.Release|Any CPU.Build.0 = Release|Any CPU
	EndGlobalSection
	GlobalSection(SolutionProperties) = preSolution
		HideSolutionNode = FALSE
	EndGlobalSection
	GlobalSection(ExtensibilityGlobals) = postSolution
		SolutionGuid = {0241647D-7522-45B3-A472-9143E36DC4BA}
	EndGlobalSection
EndGlobal
